Microsoft Visual Studio Solution File, Format Version 12.00
# Visual Studio Version 16
VisualStudioVersion = 16.0.29324.140
MinimumVisualStudioVersion = 10.0.40219.1
Project("{2150E333-8FDC-42A3-9474-1A3956D46DE8}") = "Solution Items", "Solution Items", "{29F341CA-1944-494C-AF2C-71008E549F27}"
	ProjectSection(SolutionItems) = preProject
		buildspec.yml = buildspec.yml
	EndProjectSection
EndProject
Project("{9A19103F-16F7-4668-BE54-9A1E7A4F7556}") = "Sample.Core", "Sample.Core\Sample.Core.csproj", "{DD8DA7F4-716C-4EEC-9AD6-3479B68C5E63}"
EndProject
Project("{9A19103F-16F7-4668-BE54-9A1E7A4F7556}") = "Sample.UI.Web", "Sample.UI.Web\Sample.UI.Web.csproj", "{254E01C6-488D-40DD-8BC4-F3DD92D5B26D}"
EndProject
Project("{FAE04EC0-301F-11D3-BF4B-00C04F79EFBC}") = "Sample.Core.UnitTests", "Sample.Core.UnitTests\Sample.Core.UnitTests.csproj", "{668F21B9-DE50-4486-99F1-9B94B3940FD3}"
EndProject
Global
	GlobalSection(SolutionConfigurationPlatforms) = preSolution
		Debug|Any CPU = Debug|Any CPU
		Release|Any CPU = Release|Any CPU
	EndGlobalSection
	GlobalSection(ProjectConfigurationPlatforms) = postSolution
		{DD8DA7F4-716C-4EEC-9AD6-3479B68C5E63}.Debug|Any CPU.ActiveCfg = Debug|Any CPU
		{DD8DA7F4-716C-4EEC-9AD6-3479B68C5E63}.Debug|Any CPU.Build.0 = Debug|Any CPU
		{DD8DA7F4-716C-4EEC-9AD6-3479B68C5E63}.Release|Any CPU.ActiveCfg = Release|Any CPU
		{DD8DA7F4-716C-4EEC-9AD6-3479B68C5E63}.Release|Any CPU.Build.0 = Release|Any CPU
		{254E01C6-488D-40DD-8BC4-F3DD92D5B26D}.Debug|Any CPU.ActiveCfg = Debug|Any CPU
		{254E01C6-488D-40DD-8BC4-F3DD92D5B26D}.Debug|Any CPU.Build.0 = Debug|Any CPU
		{254E01C6-488D-40DD-8BC4-F3DD92D5B26D}.Release|Any CPU.ActiveCfg = Release|Any CPU
		{254E01C6-488D-40DD-8BC4-F3DD92D5B26D}.Release|Any CPU.Build.0 = Release|Any CPU
		{668F21B9-DE50-4486-99F1-9B94B3940FD3}.Debug|Any CPU.ActiveCfg = Debug|Any CPU
		{668F21B9-DE50-4486-99F1-9B94B3940FD3}.Debug|Any CPU.Build.0 = Debug|Any CPU
		{668F21B9-DE50-4486-99F1-9B94B3940FD3}.Release|Any CPU.ActiveCfg = Release|Any CPU
		{668F21B9-DE50-4486-99F1-9B94B3940FD3}.Release|Any CPU.Build.0 = Release|Any CPU
	EndGlobalSection
	GlobalSection(SolutionProperties) = preSolution
		HideSolutionNode = FALSE
	EndGlobalSection
	GlobalSection(ExtensibilityGlobals) = postSolution
		SolutionGuid = {9920FA98-C884-46BF-A604-F1106ADF15F8}
	EndGlobalSection
EndGlobal
